
Microsoft Visual Studio Solution File, Format Version 12.00
# Visual Studio Version 17
VisualStudioVersion = 17.6.33801.468
MinimumVisualStudioVersion = 10.0.40219.1
Project("{FAE04EC0-301F-11D3-BF4B-00C04F79EFBC}") = "pisvj1", "pisvj1\pisvj1.csproj", "{529D6CAD-C17E-4ECF-8530-77F36E1FD3CF}"
EndProject
Global
	GlobalSection(SolutionConfigurationPlatforms) = preSolution
		Debug|Any CPU = Debug|Any CPU
		Release|Any CPU = Release|Any CPU
	EndGlobalSection
	GlobalSection(ProjectConfigurationPlatforms) = postSolution
		{529D6CAD-C17E-4ECF-8530-77F36E1FD3CF}.Debug|Any CPU.ActiveCfg = Debug|Any CPU
		{529D6CAD-C17E-4ECF-8530-77F36E1FD3CF}.Debug|Any CPU.Build.0 = Debug|Any CPU
		{529D6CAD-C17E-4ECF-8530-77F36E1FD3CF}.Release|Any CPU.ActiveCfg = Release|Any CPU
		{529D6CAD-C17E-4ECF-8530-77F36E1FD3CF}.Release|Any CPU.Build.0 = Release|Any CPU
	EndGlobalSection
	GlobalSection(SolutionProperties) = preSolution
		HideSolutionNode = FALSE
	EndGlobalSection
	GlobalSection(ExtensibilityGlobals) = postSolution
		SolutionGuid = {3B21CF86-4B65-47C9-BE1F-AE171A0DF2DB}
	EndGlobalSection
EndGlobal
